// !$*UTF8*$!
{
	archiveVersion = 1;
	classes = {
	};
	objectVersion = 50;
	objects = {

/* Begin PBXBuildFile section */
		1613716B21DF51A900653FCC /* AppDelegate.swift in Sources */ = {isa = PBXBuildFile; fileRef = 1613716821DF51A900653FCC /* AppDelegate.swift */; };
		1613716E21DF51A900653FCC /* MovieListVC.swift in Sources */ = {isa = PBXBuildFile; fileRef = 1613716A21DF51A900653FCC /* MovieListVC.swift */; };
		1613717421DF51BC00653FCC /* LaunchScreen.storyboard in Resources */ = {isa = PBXBuildFile; fileRef = 1613717221DF51BC00653FCC /* LaunchScreen.storyboard */; };
		1613717721DF51BC00653FCC /* Main.storyboard in Resources */ = {isa = PBXBuildFile; fileRef = 1613717321DF51BC00653FCC /* Main.storyboard */; };
		1613717B21DF53AA00653FCC /* MovieFlowLayout.swift in Sources */ = {isa = PBXBuildFile; fileRef = 1613717A21DF53AA00653FCC /* MovieFlowLayout.swift */; };
		1613717F21DF53EC00653FCC /* MovieModel.swift in Sources */ = {isa = PBXBuildFile; fileRef = 1613717E21DF53EC00653FCC /* MovieModel.swift */; };
		1613718321DF541900653FCC /* MovieCell.swift in Sources */ = {isa = PBXBuildFile; fileRef = 1613718221DF541900653FCC /* MovieCell.swift */; };
		1613718821DF62D000653FCC /* APIConstants.swift in Sources */ = {isa = PBXBuildFile; fileRef = 1613718721DF62D000653FCC /* APIConstants.swift */; };
		1613718C21DF63E300653FCC /* APIManager.swift in Sources */ = {isa = PBXBuildFile; fileRef = 1613718B21DF63E300653FCC /* APIManager.swift */; };
		1617643221DE06CA0052B9AB /* MovieApp.xcdatamodeld in Sources */ = {isa = PBXBuildFile; fileRef = 1617643021DE06CA0052B9AB /* MovieApp.xcdatamodeld */; };
		1617643421DE06DA0052B9AB /* Assets.xcassets in Resources */ = {isa = PBXBuildFile; fileRef = 1617643321DE06DA0052B9AB /* Assets.xcassets */; };
		161ED9C821E34938005120A7 /* ShowNowVC.swift in Sources */ = {isa = PBXBuildFile; fileRef = 161ED9C721E34938005120A7 /* ShowNowVC.swift */; };
		161ED9CC21E3508A005120A7 /* SearchResultCell.swift in Sources */ = {isa = PBXBuildFile; fileRef = 161ED9CB21E3508A005120A7 /* SearchResultCell.swift */; };
		161ED9D021E36C06005120A7 /* LoadMore.swift in Sources */ = {isa = PBXBuildFile; fileRef = 161ED9CF21E36C06005120A7 /* LoadMore.swift */; };
		1675861921E5BF6500551079 /* NSObjectExtension.swift in Sources */ = {isa = PBXBuildFile; fileRef = 1675861821E5BF6500551079 /* NSObjectExtension.swift */; };
		1675861B21E5C08F00551079 /* EndPoints.swift in Sources */ = {isa = PBXBuildFile; fileRef = 1675861A21E5C08F00551079 /* EndPoints.swift */; };
		1675862421E5C2FA00551079 /* MoviesRepository.swift in Sources */ = {isa = PBXBuildFile; fileRef = 1675862321E5C2FA00551079 /* MoviesRepository.swift */; };
		1675862621E5C30800551079 /* MovieObject.swift in Sources */ = {isa = PBXBuildFile; fileRef = 1675862521E5C30800551079 /* MovieObject.swift */; };
		16AC4ABA21E30C6300E77D42 /* SearchVC.swift in Sources */ = {isa = PBXBuildFile; fileRef = 16AC4AB921E30C6300E77D42 /* SearchVC.swift */; };
		16AC4ABE21E31D8800E77D42 /* SearchCell.swift in Sources */ = {isa = PBXBuildFile; fileRef = 16AC4ABD21E31D8800E77D42 /* SearchCell.swift */; };
		16AC4AC321E3234D00E77D42 /* SearchResultVC.swift in Sources */ = {isa = PBXBuildFile; fileRef = 16AC4AC221E3234D00E77D42 /* SearchResultVC.swift */; };
		C068066BB2DA9D54F79F6E67 /* Pods_MovieApp.framework in Frameworks */ = {isa = PBXBuildFile; fileRef = 9327A10C8FFC0046954E7E4D /* Pods_MovieApp.framework */; };
/* End PBXBuildFile section */

/* Begin PBXFileReference section */
		1613716821DF51A900653FCC /* AppDelegate.swift */ = {isa = PBXFileReference; fileEncoding = 4; lastKnownFileType = sourcecode.swift; path = AppDelegate.swift; sourceTree = "<group>"; };
		1613716A21DF51A900653FCC /* MovieListVC.swift */ = {isa = PBXFileReference; fileEncoding = 4; lastKnownFileType = sourcecode.swift; path = MovieListVC.swift; sourceTree = "<group>"; };
		1613717221DF51BC00653FCC /* LaunchScreen.storyboard */ = {isa = PBXFileReference; fileEncoding = 4; lastKnownFileType = file.storyboard; path = LaunchScreen.storyboard; sourceTree = "<group>"; };
		1613717321DF51BC00653FCC /* Main.storyboard */ = {isa = PBXFileReference; fileEncoding = 4; lastKnownFileType = file.storyboard; path = Main.storyboard; sourceTree = "<group>"; };
		1613717A21DF53AA00653FCC /* MovieFlowLayout.swift */ = {isa = PBXFileReference; lastKnownFileType = sourcecode.swift; path = MovieFlowLayout.swift; sourceTree = "<group>"; };
		1613717E21DF53EC00653FCC /* MovieModel.swift */ = {isa = PBXFileReference; lastKnownFileType = sourcecode.swift; path = MovieModel.swift; sourceTree = "<group>"; };
		1613718221DF541900653FCC /* MovieCell.swift */ = {isa = PBXFileReference; lastKnownFileType = sourcecode.swift; path = MovieCell.swift; sourceTree = "<group>"; };
		1613718721DF62D000653FCC /* APIConstants.swift */ = {isa = PBXFileReference; lastKnownFileType = sourcecode.swift; path = APIConstants.swift; sourceTree = "<group>"; };
		1613718B21DF63E300653FCC /* APIManager.swift */ = {isa = PBXFileReference; lastKnownFileType = sourcecode.swift; path = APIManager.swift; sourceTree = "<group>"; };
		1617642621DE06CA0052B9AB /* MovieApp.app */ = {isa = PBXFileReference; explicitFileType = wrapper.application; includeInIndex = 0; path = MovieApp.app; sourceTree = BUILT_PRODUCTS_DIR; };
		1617643121DE06CA0052B9AB /* MovieApp.xcdatamodel */ = {isa = PBXFileReference; lastKnownFileType = wrapper.xcdatamodel; path = MovieApp.xcdatamodel; sourceTree = "<group>"; };
		1617643321DE06DA0052B9AB /* Assets.xcassets */ = {isa = PBXFileReference; lastKnownFileType = folder.assetcatalog; path = Assets.xcassets; sourceTree = "<group>"; };
		1617643821DE06DA0052B9AB /* Info.plist */ = {isa = PBXFileReference; lastKnownFileType = text.plist.xml; path = Info.plist; sourceTree = "<group>"; };
		161ED9C721E34938005120A7 /* ShowNowVC.swift */ = {isa = PBXFileReference; lastKnownFileType = sourcecode.swift; path = ShowNowVC.swift; sourceTree = "<group>"; };
		161ED9CB21E3508A005120A7 /* SearchResultCell.swift */ = {isa = PBXFileReference; lastKnownFileType = sourcecode.swift; path = SearchResultCell.swift; sourceTree = "<group>"; };
		161ED9CF21E36C06005120A7 /* LoadMore.swift */ = {isa = PBXFileReference; lastKnownFileType = sourcecode.swift; path = LoadMore.swift; sourceTree = "<group>"; };
		1675861821E5BF6500551079 /* NSObjectExtension.swift */ = {isa = PBXFileReference; lastKnownFileType = sourcecode.swift; path = NSObjectExtension.swift; sourceTree = "<group>"; };
		1675861A21E5C08F00551079 /* EndPoints.swift */ = {isa = PBXFileReference; fileEncoding = 4; lastKnownFileType = sourcecode.swift; path = EndPoints.swift; sourceTree = "<group>"; };
		1675862321E5C2FA00551079 /* MoviesRepository.swift */ = {isa = PBXFileReference; lastKnownFileType = sourcecode.swift; path = MoviesRepository.swift; sourceTree = "<group>"; };
		1675862521E5C30800551079 /* MovieObject.swift */ = {isa = PBXFileReference; lastKnownFileType = sourcecode.swift; path = MovieObject.swift; sourceTree = "<group>"; };
		16AC4AB921E30C6300E77D42 /* SearchVC.swift */ = {isa = PBXFileReference; lastKnownFileType = sourcecode.swift; path = SearchVC.swift; sourceTree = "<group>"; };
		16AC4ABD21E31D8800E77D42 /* SearchCell.swift */ = {isa = PBXFileReference; lastKnownFileType = sourcecode.swift; path = SearchCell.swift; sourceTree = "<group>"; };
		16AC4AC221E3234D00E77D42 /* SearchResultVC.swift */ = {isa = PBXFileReference; lastKnownFileType = sourcecode.swift; path = SearchResultVC.swift; sourceTree = "<group>"; };
		24465592A17BCBCF82E97600 /* Pods-MovieApp.debug.xcconfig */ = {isa = PBXFileReference; includeInIndex = 1; lastKnownFileType = text.xcconfig; name = "Pods-MovieApp.debug.xcconfig"; path = "Pods/Target Support Files/Pods-MovieApp/Pods-MovieApp.debug.xcconfig"; sourceTree = "<group>"; };
		4961344402BB1456640273C3 /* Pods-MovieApp.release.xcconfig */ = {isa = PBXFileReference; includeInIndex = 1; lastKnownFileType = text.xcconfig; name = "Pods-MovieApp.release.xcconfig"; path = "Pods/Target Support Files/Pods-MovieApp/Pods-MovieApp.release.xcconfig"; sourceTree = "<group>"; };
		9327A10C8FFC0046954E7E4D /* Pods_MovieApp.framework */ = {isa = PBXFileReference; explicitFileType = wrapper.framework; includeInIndex = 0; path = Pods_MovieApp.framework; sourceTree = BUILT_PRODUCTS_DIR; };
/* End PBXFileReference section */

/* Begin PBXFrameworksBuildPhase section */
		1617642321DE06CA0052B9AB /* Frameworks */ = {
			isa = PBXFrameworksBuildPhase;
			buildActionMask = 2147483647;
			files = (
				C068066BB2DA9D54F79F6E67 /* Pods_MovieApp.framework in Frameworks */,
			);
			runOnlyForDeploymentPostprocessing = 0;
		};
/* End PBXFrameworksBuildPhase section */

/* Begin PBXGroup section */
		1613716921DF51A900653FCC /* MovieListVC */ = {
			isa = PBXGroup;
			children = (
				1613716A21DF51A900653FCC /* MovieListVC.swift */,
			);
			path = MovieListVC;
			sourceTree = "<group>";
		};
		1613717121DF51BC00653FCC /* Storyboard */ = {
			isa = PBXGroup;
			children = (
				1613717221DF51BC00653FCC /* LaunchScreen.storyboard */,
				1613717321DF51BC00653FCC /* Main.storyboard */,
			);
			path = Storyboard;
			sourceTree = "<group>";
		};
		1613718621DF62BB00653FCC /* Services */ = {
			isa = PBXGroup;
			children = (
				1613718B21DF63E300653FCC /* APIManager.swift */,
				1675861A21E5C08F00551079 /* EndPoints.swift */,
			);
			path = Services;
			sourceTree = "<group>";
		};
		1617641D21DE06CA0052B9AB = {
			isa = PBXGroup;
			children = (
				1617642821DE06CA0052B9AB /* MovieApp */,
				1617642721DE06CA0052B9AB /* Products */,
				58BB1CCD67F4C12CEA9B2E30 /* Pods */,
				8A94FA782F9DE5A98DD3A790 /* Frameworks */,
			);
			sourceTree = "<group>";
		};
		1617642721DE06CA0052B9AB /* Products */ = {
			isa = PBXGroup;
			children = (
				1617642621DE06CA0052B9AB /* MovieApp.app */,
			);
			name = Products;
			sourceTree = "<group>";
		};
		1617642821DE06CA0052B9AB /* MovieApp */ = {
			isa = PBXGroup;
			children = (
				1617643821DE06DA0052B9AB /* Info.plist */,
				1675861621E5BD5600551079 /* App */,
				1675861721E5BE8800551079 /* Common */,
				1613718621DF62BB00653FCC /* Services */,
				1675861C21E5C1DA00551079 /* MVVM */,
			);
			path = MovieApp;
			sourceTree = "<group>";
		};
		1675861621E5BD5600551079 /* App */ = {
			isa = PBXGroup;
			children = (
				1613716821DF51A900653FCC /* AppDelegate.swift */,
				1617643021DE06CA0052B9AB /* MovieApp.xcdatamodeld */,
				1617643321DE06DA0052B9AB /* Assets.xcassets */,
				1613717121DF51BC00653FCC /* Storyboard */,
			);
			path = App;
			sourceTree = "<group>";
		};
		1675861721E5BE8800551079 /* Common */ = {
			isa = PBXGroup;
			children = (
				1613718721DF62D000653FCC /* APIConstants.swift */,
				1675861821E5BF6500551079 /* NSObjectExtension.swift */,
				161ED9CF21E36C06005120A7 /* LoadMore.swift */,
			);
			path = Common;
			sourceTree = "<group>";
		};
		1675861C21E5C1DA00551079 /* MVVM */ = {
			isa = PBXGroup;
			children = (
				1675861F21E5C1F400551079 /* Model */,
				1675861E21E5C1E900551079 /* View */,
				1675861D21E5C1E200551079 /* ViewModel */,
			);
			path = MVVM;
			sourceTree = "<group>";
		};
		1675861D21E5C1E200551079 /* ViewModel */ = {
			isa = PBXGroup;
			children = (
				1613717E21DF53EC00653FCC /* MovieModel.swift */,
			);
			path = ViewModel;
			sourceTree = "<group>";
		};
		1675861E21E5C1E900551079 /* View */ = {
			isa = PBXGroup;
			children = (
				1675862221E5C25700551079 /* CustomView */,
				1613716921DF51A900653FCC /* MovieListVC */,
				16AC4AB821E30C1D00E77D42 /* SearchVC */,
				16AC4AC121E3233100E77D42 /* SearchResultVC */,
			);
			path = View;
			sourceTree = "<group>";
		};
		1675861F21E5C1F400551079 /* Model */ = {
			isa = PBXGroup;
			children = (
				1675862321E5C2FA00551079 /* MoviesRepository.swift */,
				1675862521E5C30800551079 /* MovieObject.swift */,
			);
			path = Model;
			sourceTree = "<group>";
		};
		1675862021E5C21300551079 /* MovieList */ = {
			isa = PBXGroup;
			children = (
				1613717A21DF53AA00653FCC /* MovieFlowLayout.swift */,
				1613718221DF541900653FCC /* MovieCell.swift */,
			);
			path = MovieList;
			sourceTree = "<group>";
		};
		1675862121E5C22600551079 /* Search */ = {
			isa = PBXGroup;
			children = (
				16AC4ABD21E31D8800E77D42 /* SearchCell.swift */,
				161ED9CB21E3508A005120A7 /* SearchResultCell.swift */,
			);
			path = Search;
			sourceTree = "<group>";
		};
		1675862221E5C25700551079 /* CustomView */ = {
			isa = PBXGroup;
			children = (
				1675862021E5C21300551079 /* MovieList */,
				1675862121E5C22600551079 /* Search */,
			);
			path = CustomView;
			sourceTree = "<group>";
		};
		16AC4AB821E30C1D00E77D42 /* SearchVC */ = {
			isa = PBXGroup;
			children = (
				16AC4AB921E30C6300E77D42 /* SearchVC.swift */,
			);
			path = SearchVC;
			sourceTree = "<group>";
		};
		16AC4AC121E3233100E77D42 /* SearchResultVC */ = {
			isa = PBXGroup;
			children = (
				16AC4AC221E3234D00E77D42 /* SearchResultVC.swift */,
				161ED9C721E34938005120A7 /* ShowNowVC.swift */,
			);
			path = SearchResultVC;
			sourceTree = "<group>";
		};
		58BB1CCD67F4C12CEA9B2E30 /* Pods */ = {
			isa = PBXGroup;
			children = (
				24465592A17BCBCF82E97600 /* Pods-MovieApp.debug.xcconfig */,
				4961344402BB1456640273C3 /* Pods-MovieApp.release.xcconfig */,
			);
			name = Pods;
			sourceTree = "<group>";
		};
		8A94FA782F9DE5A98DD3A790 /* Frameworks */ = {
			isa = PBXGroup;
			children = (
				9327A10C8FFC0046954E7E4D /* Pods_MovieApp.framework */,
			);
			name = Frameworks;
			sourceTree = "<group>";
		};
/* End PBXGroup section */

/* Begin PBXNativeTarget section */
		1617642521DE06CA0052B9AB /* MovieApp */ = {
			isa = PBXNativeTarget;
			buildConfigurationList = 1617645121DE06DA0052B9AB /* Build configuration list for PBXNativeTarget "MovieApp" */;
			buildPhases = (
				7FBA270FA49E47EF8ECBF8E4 /* [CP] Check Pods Manifest.lock */,
				1617642221DE06CA0052B9AB /* Sources */,
				1617642321DE06CA0052B9AB /* Frameworks */,
				1617642421DE06CA0052B9AB /* Resources */,
				F3B5EA9BB8867A2B65721EC7 /* [CP] Embed Pods Frameworks */,
			);
			buildRules = (
			);
			dependencies = (
			);
			name = MovieApp;
			productName = MovieApp;
			productReference = 1617642621DE06CA0052B9AB /* MovieApp.app */;
			productType = "com.apple.product-type.application";
		};
/* End PBXNativeTarget section */

/* Begin PBXProject section */
		1617641E21DE06CA0052B9AB /* Project object */ = {
			isa = PBXProject;
			attributes = {
				LastSwiftUpdateCheck = 1010;
				LastUpgradeCheck = 1010;
				ORGANIZATIONNAME = Ketan;
				TargetAttributes = {
					1617642521DE06CA0052B9AB = {
						CreatedOnToolsVersion = 10.1;
					};
				};
			};
			buildConfigurationList = 1617642121DE06CA0052B9AB /* Build configuration list for PBXProject "MovieApp" */;
			compatibilityVersion = "Xcode 9.3";
			developmentRegion = en;
			hasScannedForEncodings = 0;
			knownRegions = (
				en,
				Base,
			);
			mainGroup = 1617641D21DE06CA0052B9AB;
			productRefGroup = 1617642721DE06CA0052B9AB /* Products */;
			projectDirPath = "";
			projectRoot = "";
			targets = (
				1617642521DE06CA0052B9AB /* MovieApp */,
			);
		};
/* End PBXProject section */

/* Begin PBXResourcesBuildPhase section */
		1617642421DE06CA0052B9AB /* Resources */ = {
			isa = PBXResourcesBuildPhase;
			buildActionMask = 2147483647;
			files = (
				1613717721DF51BC00653FCC /* Main.storyboard in Resources */,
				1617643421DE06DA0052B9AB /* Assets.xcassets in Resources */,
				1613717421DF51BC00653FCC /* LaunchScreen.storyboard in Resources */,
			);
			runOnlyForDeploymentPostprocessing = 0;
		};
/* End PBXResourcesBuildPhase section */

/* Begin PBXShellScriptBuildPhase section */
		7FBA270FA49E47EF8ECBF8E4 /* [CP] Check Pods Manifest.lock */ = {
			isa = PBXShellScriptBuildPhase;
			buildActionMask = 2147483647;
			files = (
			);
			inputPaths = (
				"${PODS_PODFILE_DIR_PATH}/Podfile.lock",
				"${PODS_ROOT}/Manifest.lock",
			);
			name = "[CP] Check Pods Manifest.lock";
			outputPaths = (
				"$(DERIVED_FILE_DIR)/Pods-MovieApp-checkManifestLockResult.txt",
			);
			runOnlyForDeploymentPostprocessing = 0;
			shellPath = /bin/sh;
			shellScript = "diff \"${PODS_PODFILE_DIR_PATH}/Podfile.lock\" \"${PODS_ROOT}/Manifest.lock\" > /dev/null\nif [ $? != 0 ] ; then\n    # print error to STDERR\n    echo \"error: The sandbox is not in sync with the Podfile.lock. Run 'pod install' or update your CocoaPods installation.\" >&2\n    exit 1\nfi\n# This output is used by Xcode 'outputs' to avoid re-running this script phase.\necho \"SUCCESS\" > \"${SCRIPT_OUTPUT_FILE_0}\"\n";
			showEnvVarsInLog = 0;
		};
		F3B5EA9BB8867A2B65721EC7 /* [CP] Embed Pods Frameworks */ = {
			isa = PBXShellScriptBuildPhase;
			buildActionMask = 2147483647;
			files = (
			);
			inputPaths = (
				"${SRCROOT}/Pods/Target Support Files/Pods-MovieApp/Pods-MovieApp-frameworks.sh",
				"${BUILT_PRODUCTS_DIR}/FloatRatingView/FloatRatingView.framework",
				"${BUILT_PRODUCTS_DIR}/SDWebImage/SDWebImage.framework",
				"${BUILT_PRODUCTS_DIR}/SwiftyJSON/SwiftyJSON.framework",
			);
			name = "[CP] Embed Pods Frameworks";
			outputPaths = (
				"${TARGET_BUILD_DIR}/${FRAMEWORKS_FOLDER_PATH}/FloatRatingView.framework",
				"${TARGET_BUILD_DIR}/${FRAMEWORKS_FOLDER_PATH}/SDWebImage.framework",
				"${TARGET_BUILD_DIR}/${FRAMEWORKS_FOLDER_PATH}/SwiftyJSON.framework",
			);
			runOnlyForDeploymentPostprocessing = 0;
			shellPath = /bin/sh;
			shellScript = "\"${SRCROOT}/Pods/Target Support Files/Pods-MovieApp/Pods-MovieApp-frameworks.sh\"\n";
			showEnvVarsInLog = 0;
		};
/* End PBXShellScriptBuildPhase section */

/* Begin PBXSourcesBuildPhase section */
		1617642221DE06CA0052B9AB /* Sources */ = {
			isa = PBXSourcesBuildPhase;
			buildActionMask = 2147483647;
			files = (
				161ED9CC21E3508A005120A7 /* SearchResultCell.swift in Sources */,
				1675861921E5BF6500551079 /* NSObjectExtension.swift in Sources */,
				1613718C21DF63E300653FCC /* APIManager.swift in Sources */,
				16AC4ABE21E31D8800E77D42 /* SearchCell.swift in Sources */,
				1613716E21DF51A900653FCC /* MovieListVC.swift in Sources */,
				1613718821DF62D000653FCC /* APIConstants.swift in Sources */,
				16AC4ABA21E30C6300E77D42 /* SearchVC.swift in Sources */,
				161ED9D021E36C06005120A7 /* LoadMore.swift in Sources */,
				16AC4AC321E3234D00E77D42 /* SearchResultVC.swift in Sources */,
				161ED9C821E34938005120A7 /* ShowNowVC.swift in Sources */,
				1613716B21DF51A900653FCC /* AppDelegate.swift in Sources */,
				1613718321DF541900653FCC /* MovieCell.swift in Sources */,
				1613717F21DF53EC00653FCC /* MovieModel.swift in Sources */,
				1617643221DE06CA0052B9AB /* MovieApp.xcdatamodeld in Sources */,
				1675862421E5C2FA00551079 /* MoviesRepository.swift in Sources */,
				1675862621E5C30800551079 /* MovieObject.swift in Sources */,
				1675861B21E5C08F00551079 /* EndPoints.swift in Sources */,
				1613717B21DF53AA00653FCC /* MovieFlowLayout.swift in Sources */,
			);
			runOnlyForDeploymentPostprocessing = 0;
		};
/* End PBXSourcesBuildPhase section */

/* Begin XCBuildConfiguration section */
		1617644F21DE06DA0052B9AB /* Debug */ = {
			isa = XCBuildConfiguration;
			buildSettings = {
				ALWAYS_SEARCH_USER_PATHS = NO;
				CLANG_ANALYZER_NONNULL = YES;
				CLANG_ANALYZER_NUMBER_OBJECT_CONVERSION = YES_AGGRESSIVE;
				CLANG_CXX_LANGUAGE_STANDARD = "gnu++14";
				CLANG_CXX_LIBRARY = "libc++";
				CLANG_ENABLE_MODULES = YES;
				CLANG_ENABLE_OBJC_ARC = YES;
				CLANG_ENABLE_OBJC_WEAK = YES;
				CLANG_WARN_BLOCK_CAPTURE_AUTORELEASING = YES;
				CLANG_WARN_BOOL_CONVERSION = YES;
				CLANG_WARN_COMMA = YES;
				CLANG_WARN_CONSTANT_CONVERSION = YES;
				CLANG_WARN_DEPRECATED_OBJC_IMPLEMENTATIONS = YES;
				CLANG_WARN_DIRECT_OBJC_ISA_USAGE = YES_ERROR;
				CLANG_WARN_DOCUMENTATION_COMMENTS = YES;
				CLANG_WARN_EMPTY_BODY = YES;
				CLANG_WARN_ENUM_CONVERSION = YES;
				CLANG_WARN_INFINITE_RECURSION = YES;
				CLANG_WARN_INT_CONVERSION = YES;
				CLANG_WARN_NON_LITERAL_NULL_CONVERSION = YES;
				CLANG_WARN_OBJC_IMPLICIT_RETAIN_SELF = YES;
				CLANG_WARN_OBJC_LITERAL_CONVERSION = YES;
				CLANG_WARN_OBJC_ROOT_CLASS = YES_ERROR;
				CLANG_WARN_RANGE_LOOP_ANALYSIS = YES;
				CLANG_WARN_STRICT_PROTOTYPES = YES;
				CLANG_WARN_SUSPICIOUS_MOVE = YES;
				CLANG_WARN_UNGUARDED_AVAILABILITY = YES_AGGRESSIVE;
				CLANG_WARN_UNREACHABLE_CODE = YES;
				CLANG_WARN__DUPLICATE_METHOD_MATCH = YES;
				CODE_SIGN_IDENTITY = "iPhone Developer";
				COPY_PHASE_STRIP = NO;
				DEBUG_INFORMATION_FORMAT = dwarf;
				ENABLE_STRICT_OBJC_MSGSEND = YES;
				ENABLE_TESTABILITY = YES;
				GCC_C_LANGUAGE_STANDARD = gnu11;
				GCC_DYNAMIC_NO_PIC = NO;
				GCC_NO_COMMON_BLOCKS = YES;
				GCC_OPTIMIZATION_LEVEL = 0;
				GCC_PREPROCESSOR_DEFINITIONS = (
					"DEBUG=1",
					"$(inherited)",
				);
				GCC_WARN_64_TO_32_BIT_CONVERSION = YES;
				GCC_WARN_ABOUT_RETURN_TYPE = YES_ERROR;
				GCC_WARN_UNDECLARED_SELECTOR = YES;
				GCC_WARN_UNINITIALIZED_AUTOS = YES_AGGRESSIVE;
				GCC_WARN_UNUSED_FUNCTION = YES;
				GCC_WARN_UNUSED_VARIABLE = YES;
				IPHONEOS_DEPLOYMENT_TARGET = 11.0;
				MTL_ENABLE_DEBUG_INFO = INCLUDE_SOURCE;
				MTL_FAST_MATH = YES;
				ONLY_ACTIVE_ARCH = YES;
				SDKROOT = iphoneos;
				SWIFT_ACTIVE_COMPILATION_CONDITIONS = DEBUG;
				SWIFT_OPTIMIZATION_LEVEL = "-Onone";
			};
			name = Debug;
		};
		1617645021DE06DA0052B9AB /* Release */ = {
			isa = XCBuildConfiguration;
			buildSettings = {
				ALWAYS_SEARCH_USER_PATHS = NO;
				CLANG_ANALYZER_NONNULL = YES;
				CLANG_ANALYZER_NUMBER_OBJECT_CONVERSION = YES_AGGRESSIVE;
				CLANG_CXX_LANGUAGE_STANDARD = "gnu++14";
				CLANG_CXX_LIBRARY = "libc++";
				CLANG_ENABLE_MODULES = YES;
				CLANG_ENABLE_OBJC_ARC = YES;
				CLANG_ENABLE_OBJC_WEAK = YES;
				CLANG_WARN_BLOCK_CAPTURE_AUTORELEASING = YES;
				CLANG_WARN_BOOL_CONVERSION = YES;
				CLANG_WARN_COMMA = YES;
				CLANG_WARN_CONSTANT_CONVERSION = YES;
				CLANG_WARN_DEPRECATED_OBJC_IMPLEMENTATIONS = YES;
				CLANG_WARN_DIRECT_OBJC_ISA_USAGE = YES_ERROR;
				CLANG_WARN_DOCUMENTATION_COMMENTS = YES;
				CLANG_WARN_EMPTY_BODY = YES;
				CLANG_WARN_ENUM_CONVERSION = YES;
				CLANG_WARN_INFINITE_RECURSION = YES;
				CLANG_WARN_INT_CONVERSION = YES;
				CLANG_WARN_NON_LITERAL_NULL_CONVERSION = YES;
				CLANG_WARN_OBJC_IMPLICIT_RETAIN_SELF = YES;
				CLANG_WARN_OBJC_LITERAL_CONVERSION = YES;
				CLANG_WARN_OBJC_ROOT_CLASS = YES_ERROR;
				CLANG_WARN_RANGE_LOOP_ANALYSIS = YES;
				CLANG_WARN_STRICT_PROTOTYPES = YES;
				CLANG_WARN_SUSPICIOUS_MOVE = YES;
				CLANG_WARN_UNGUARDED_AVAILABILITY = YES_AGGRESSIVE;
				CLANG_WARN_UNREACHABLE_CODE = YES;
				CLANG_WARN__DUPLICATE_METHOD_MATCH = YES;
				CODE_SIGN_IDENTITY = "iPhone Developer";
				COPY_PHASE_STRIP = NO;
				DEBUG_INFORMATION_FORMAT = "dwarf-with-dsym";
				ENABLE_NS_ASSERTIONS = NO;
				ENABLE_STRICT_OBJC_MSGSEND = YES;
				GCC_C_LANGUAGE_STANDARD = gnu11;
				GCC_NO_COMMON_BLOCKS = YES;
				GCC_WARN_64_TO_32_BIT_CONVERSION = YES;
				GCC_WARN_ABOUT_RETURN_TYPE = YES_ERROR;
				GCC_WARN_UNDECLARED_SELECTOR = YES;
				GCC_WARN_UNINITIALIZED_AUTOS = YES_AGGRESSIVE;
				GCC_WARN_UNUSED_FUNCTION = YES;
				GCC_WARN_UNUSED_VARIABLE = YES;
				IPHONEOS_DEPLOYMENT_TARGET = 11.0;
				MTL_ENABLE_DEBUG_INFO = NO;
				MTL_FAST_MATH = YES;
				SDKROOT = iphoneos;
				SWIFT_COMPILATION_MODE = wholemodule;
				SWIFT_OPTIMIZATION_LEVEL = "-O";
				VALIDATE_PRODUCT = YES;
			};
			name = Release;
		};
		1617645221DE06DA0052B9AB /* Debug */ = {
			isa = XCBuildConfiguration;
			baseConfigurationReference = 24465592A17BCBCF82E97600 /* Pods-MovieApp.debug.xcconfig */;
			buildSettings = {
				ASSETCATALOG_COMPILER_APPICON_NAME = AppIcon;
				CODE_SIGN_STYLE = Automatic;
				DEVELOPMENT_TEAM = 48AFUSA3GQ;
				INFOPLIST_FILE = MovieApp/Info.plist;
				IPHONEOS_DEPLOYMENT_TARGET = 11.0;
				LD_RUNPATH_SEARCH_PATHS = (
					"$(inherited)",
					"@executable_path/Frameworks",
				);
				PRODUCT_BUNDLE_IDENTIFIER = Ketan.MovieApp;
				PRODUCT_NAME = "$(TARGET_NAME)";
				SWIFT_VERSION = 4.2;
				TARGETED_DEVICE_FAMILY = 1;
			};
			name = Debug;
		};
		1617645321DE06DA0052B9AB /* Release */ = {
			isa = XCBuildConfiguration;
			baseConfigurationReference = 4961344402BB1456640273C3 /* Pods-MovieApp.release.xcconfig */;
			buildSettings = {
				ASSETCATALOG_COMPILER_APPICON_NAME = AppIcon;
				CODE_SIGN_STYLE = Automatic;
				DEVELOPMENT_TEAM = 48AFUSA3GQ;
				INFOPLIST_FILE = MovieApp/Info.plist;
				IPHONEOS_DEPLOYMENT_TARGET = 11.0;
				LD_RUNPATH_SEARCH_PATHS = (
					"$(inherited)",
					"@executable_path/Frameworks",
				);
				PRODUCT_BUNDLE_IDENTIFIER = Ketan.MovieApp;
				PRODUCT_NAME = "$(TARGET_NAME)";
				SWIFT_VERSION = 4.2;
				TARGETED_DEVICE_FAMILY = 1;
			};
			name = Release;
		};
/* End XCBuildConfiguration section */

/* Begin XCConfigurationList section */
		1617642121DE06CA0052B9AB /* Build configuration list for PBXProject "MovieApp" */ = {
			isa = XCConfigurationList;
			buildConfigurations = (
				1617644F21DE06DA0052B9AB /* Debug */,
				1617645021DE06DA0052B9AB /* Release */,
			);
			defaultConfigurationIsVisible = 0;
			defaultConfigurationName = Release;
		};
		1617645121DE06DA0052B9AB /* Build configuration list for PBXNativeTarget "MovieApp" */ = {
			isa = XCConfigurationList;
			buildConfigurations = (
				1617645221DE06DA0052B9AB /* Debug */,
				1617645321DE06DA0052B9AB /* Release */,
			);
			defaultConfigurationIsVisible = 0;
			defaultConfigurationName = Release;
		};
/* End XCConfigurationList section */

/* Begin XCVersionGroup section */
		1617643021DE06CA0052B9AB /* MovieApp.xcdatamodeld */ = {
			isa = XCVersionGroup;
			children = (
				1617643121DE06CA0052B9AB /* MovieApp.xcdatamodel */,
			);
			currentVersion = 1617643121DE06CA0052B9AB /* MovieApp.xcdatamodel */;
			path = MovieApp.xcdatamodeld;
			sourceTree = "<group>";
			versionGroupType = wrapper.xcdatamodel;
		};
/* End XCVersionGroup section */
	};
	rootObject = 1617641E21DE06CA0052B9AB /* Project object */;
}
